{
  "requires": true,
  "lockfileVersion": 1,
  "dependencies": {
    "angular": {
      "version": "1.6.6",
      "resolved": "https://registry.npmjs.org/angular/-/angular-1.6.6.tgz",
      "integrity": "sha1-/Vo8+0N844LYVO4BEgeXl4Uny2Q="
    },
    "angular-fullpage.js": {
      "version": "0.2.6",
      "resolved": "https://registry.npmjs.org/angular-fullpage.js/-/angular-fullpage.js-0.2.6.tgz",
      "integrity": "sha1-ncBsfzZmdwRJd4CoZrSIUkrg27g=",
      "requires": {
        "angular": "1.6.6",
        "fullpage.js": "2.7.9"
      }
    },
    "fullpage.js": {
      "version": "2.7.9",
      "resolved": "https://registry.npmjs.org/fullpage.js/-/fullpage.js-2.7.9.tgz",
      "integrity": "sha1-251CJIXc1fTIIFlG+6ZHN2ebJZs=",
      "requires": {
        "jquery": "3.2.1"
      }
    },
    "jquery": {
      "version": "3.2.1",
      "resolved": "https://registry.npmjs.org/jquery/-/jquery-3.2.1.tgz",
      "integrity": "sha1-XE2d5lKvbNCncBVKYxu6ErAVx4c="
    }
  }
}
